
Microsoft Visual Studio Solution File, Format Version 12.00
# Visual Studio Version 16
VisualStudioVersion = 16.0.28803.352
MinimumVisualStudioVersion = 10.0.40219.1
Project("{2150E333-8FDC-42A3-9474-1A3956D46DE8}") = "src", "src", "{06E15089-8F2D-4E78-AF29-29334A85AAB4}"
EndProject
Project("{9A19103F-16F7-4668-BE54-9A1E7A4F7556}") = "FLink.Core", "src\FLink.Core\FLink.Core.csproj", "{9E9DA173-C3F3-43DD-AF5B-95950926D046}"
EndProject
Project("{9A19103F-16F7-4668-BE54-9A1E7A4F7556}") = "FLink.Runtime", "src\FLink.Runtime\FLink.Runtime.csproj", "{3E68D635-CFA8-4AE0-9B5B-E0960B7CB04F}"
EndProject
Project("{9A19103F-16F7-4668-BE54-9A1E7A4F7556}") = "FLink.Streaming", "src\FLink.Streaming\FLink.Streaming.csproj", "{C34FC0D0-8ACD-42AA-95D9-C29C1DAF5C57}"
EndProject
Project("{2150E333-8FDC-42A3-9474-1A3956D46DE8}") = "samples", "samples", "{FB17F0A1-163D-4661-AE5B-AD67627CBBE2}"
EndProject
Project("{2150E333-8FDC-42A3-9474-1A3956D46DE8}") = "DataAnalytics", "DataAnalytics", "{B0B9665A-1422-4D90-908E-A109D5B90838}"
EndProject
Project("{2150E333-8FDC-42A3-9474-1A3956D46DE8}") = "StreamingAnalytics", "StreamingAnalytics", "{C637AFF8-0926-4F8C-94F4-8FABB59E65C1}"
EndProject
Project("{9A19103F-16F7-4668-BE54-9A1E7A4F7556}") = "FLink.Metrics", "src\FLink.Metrics\FLink.Metrics.csproj", "{8826D6B8-DA7C-4312-9CD2-C611803C134F}"
EndProject
Project("{2150E333-8FDC-42A3-9474-1A3956D46DE8}") = "tests", "tests", "{76716B86-AC7A-4422-8A06-F13B41F9EC9B}"
EndProject
Project("{2150E333-8FDC-42A3-9474-1A3956D46DE8}") = "FunctionalTests", "FunctionalTests", "{4E9AD229-2BB9-486F-8360-BAF8FE0930E9}"
EndProject
Project("{9A19103F-16F7-4668-BE54-9A1E7A4F7556}") = "FLink.Optimizer", "src\FLink.Optimizer\FLink.Optimizer.csproj", "{8D115727-19B3-4996-A9A0-2907A4C1F81A}"
EndProject
Project("{9A19103F-16F7-4668-BE54-9A1E7A4F7556}") = "WordCount", "samples\DataAnalytics\StreamingAnalytics\WordCount\WordCount.csproj", "{A1852AD7-B505-4CE2-882C-0BEDD7DB0DE5}"
EndProject
Project("{9A19103F-16F7-4668-BE54-9A1E7A4F7556}") = "FLink.Streaming.FunctionalTest", "tests\FunctionalTests\FLink.Streaming.FunctionalTest\FLink.Streaming.FunctionalTest.csproj", "{58F80C96-945F-4496-87D6-7B6990126323}"
EndProject
Project("{2150E333-8FDC-42A3-9474-1A3956D46DE8}") = "Extensions", "Extensions", "{5CA17579-1FD5-41FC-8497-8019C88E9EE6}"
EndProject
Project("{9A19103F-16F7-4668-BE54-9A1E7A4F7556}") = "FLink.Extensions", "src\Extensions\FLink.Extensions\FLink.Extensions.csproj", "{95862A7E-B795-4DE4-B90C-B368EA48FFC7}"
EndProject
Project("{9A19103F-16F7-4668-BE54-9A1E7A4F7556}") = "FLink.Extensions.DependencyInjection.AutoFactory", "src\Extensions\FLink.Extensions.DependencyInjection.AutoFactory\FLink.Extensions.DependencyInjection.AutoFactory.csproj", "{97FE88E1-3EA4-4159-BD0A-CEB4523F2EAF}"
EndProject
Project("{2150E333-8FDC-42A3-9474-1A3956D46DE8}") = "BatchAnalytics", "BatchAnalytics", "{62201495-71C8-41FD-B522-4E8D37329BE1}"
EndProject
Project("{9A19103F-16F7-4668-BE54-9A1E7A4F7556}") = "HotProducts", "samples\DataAnalytics\BatchAnalytics\HotProducts\HotProducts.csproj", "{4BF667E7-F4D4-4779-B398-6559990BBE8B}"
EndProject
Project("{9A19103F-16F7-4668-BE54-9A1E7A4F7556}") = "FLink.Extensions.IO", "src\Extensions\FLink.Extensions.IO\FLink.Extensions.IO.csproj", "{4FEDB2DE-A38A-4260-AC99-A632AFED38E1}"
EndProject
Project("{9A19103F-16F7-4668-BE54-9A1E7A4F7556}") = "FLink.Examples.Streaming", "tests\FunctionalTests\FLink.Examples.Streaming\FLink.Examples.Streaming.csproj", "{4DB22F6F-8B45-4D6F-B1F1-C300178D3A5F}"
EndProject
Project("{9A19103F-16F7-4668-BE54-9A1E7A4F7556}") = "FLink.Core.FunctionalTest", "tests\FunctionalTests\FLink.Core.FunctionalTest\FLink.Core.FunctionalTest.csproj", "{B1E60C77-944C-48BE-8822-318920B3971E}"
EndProject
Project("{9A19103F-16F7-4668-BE54-9A1E7A4F7556}") = "FLink.Runtime.FunctionalTest", "tests\FunctionalTests\FLink.Runtime.FunctionalTest\FLink.Runtime.FunctionalTest.csproj", "{6559C3F9-9F97-45AD-9105-9E7E94C2813B}"
EndProject
Project("{2150E333-8FDC-42A3-9474-1A3956D46DE8}") = "Shared", "Shared", "{05533FE0-FF6D-4BD7-A44A-1385BFEAD311}"
EndProject
Project("{9A19103F-16F7-4668-BE54-9A1E7A4F7556}") = "FLink.Runtime.Test", "tests\Shared\FLink.Runtime.Test\FLink.Runtime.Test.csproj", "{4D61B0C5-B55E-4B0B-9C75-70362EA49B84}"
EndProject
Project("{2150E333-8FDC-42A3-9474-1A3956D46DE8}") = "Connectors", "Connectors", "{9DFA4D3E-FEFC-4708-A31F-657F9C775ED8}"
EndProject
Project("{9A19103F-16F7-4668-BE54-9A1E7A4F7556}") = "FLink.Connector.Kafka011", "src\Connectors\FLink.Connector.Kafka011\FLink.Connector.Kafka011.csproj", "{A50ADA1D-3EBE-488E-ACC3-60F797196357}"
EndProject
Project("{9A19103F-16F7-4668-BE54-9A1E7A4F7556}") = "FLink.Clients", "src\FLink.Clients\FLink.Clients.csproj", "{97C7B79E-47D0-4BC9-95D8-D52AFB208415}"
EndProject
Project("{FAE04EC0-301F-11D3-BF4B-00C04F79EFBC}") = "FLink.CSharp", "src\FLink.CSharp\FLink.CSharp.csproj", "{2E125437-5E82-4932-9F1F-40E64D991207}"
EndProject
Global
	GlobalSection(SolutionConfigurationPlatforms) = preSolution
		Debug|Any CPU = Debug|Any CPU
		Release|Any CPU = Release|Any CPU
	EndGlobalSection
	GlobalSection(ProjectConfigurationPlatforms) = postSolution
		{9E9DA173-C3F3-43DD-AF5B-95950926D046}.Debug|Any CPU.ActiveCfg = Debug|Any CPU
		{9E9DA173-C3F3-43DD-AF5B-95950926D046}.Debug|Any CPU.Build.0 = Debug|Any CPU
		{9E9DA173-C3F3-43DD-AF5B-95950926D046}.Release|Any CPU.ActiveCfg = Release|Any CPU
		{9E9DA173-C3F3-43DD-AF5B-95950926D046}.Release|Any CPU.Build.0 = Release|Any CPU
		{3E68D635-CFA8-4AE0-9B5B-E0960B7CB04F}.Debug|Any CPU.ActiveCfg = Debug|Any CPU
		{3E68D635-CFA8-4AE0-9B5B-E0960B7CB04F}.Debug|Any CPU.Build.0 = Debug|Any CPU
		{3E68D635-CFA8-4AE0-9B5B-E0960B7CB04F}.Release|Any CPU.ActiveCfg = Release|Any CPU
		{3E68D635-CFA8-4AE0-9B5B-E0960B7CB04F}.Release|Any CPU.Build.0 = Release|Any CPU
		{C34FC0D0-8ACD-42AA-95D9-C29C1DAF5C57}.Debug|Any CPU.ActiveCfg = Debug|Any CPU
		{C34FC0D0-8ACD-42AA-95D9-C29C1DAF5C57}.Debug|Any CPU.Build.0 = Debug|Any CPU
		{C34FC0D0-8ACD-42AA-95D9-C29C1DAF5C57}.Release|Any CPU.ActiveCfg = Release|Any CPU
		{C34FC0D0-8ACD-42AA-95D9-C29C1DAF5C57}.Release|Any CPU.Build.0 = Release|Any CPU
		{8826D6B8-DA7C-4312-9CD2-C611803C134F}.Debug|Any CPU.ActiveCfg = Debug|Any CPU
		{8826D6B8-DA7C-4312-9CD2-C611803C134F}.Debug|Any CPU.Build.0 = Debug|Any CPU
		{8826D6B8-DA7C-4312-9CD2-C611803C134F}.Release|Any CPU.ActiveCfg = Release|Any CPU
		{8826D6B8-DA7C-4312-9CD2-C611803C134F}.Release|Any CPU.Build.0 = Release|Any CPU
		{8D115727-19B3-4996-A9A0-2907A4C1F81A}.Debug|Any CPU.ActiveCfg = Debug|Any CPU
		{8D115727-19B3-4996-A9A0-2907A4C1F81A}.Debug|Any CPU.Build.0 = Debug|Any CPU
		{8D115727-19B3-4996-A9A0-2907A4C1F81A}.Release|Any CPU.ActiveCfg = Release|Any CPU
		{8D115727-19B3-4996-A9A0-2907A4C1F81A}.Release|Any CPU.Build.0 = Release|Any CPU
		{A1852AD7-B505-4CE2-882C-0BEDD7DB0DE5}.Debug|Any CPU.ActiveCfg = Debug|Any CPU
		{A1852AD7-B505-4CE2-882C-0BEDD7DB0DE5}.Debug|Any CPU.Build.0 = Debug|Any CPU
		{A1852AD7-B505-4CE2-882C-0BEDD7DB0DE5}.Release|Any CPU.ActiveCfg = Release|Any CPU
		{A1852AD7-B505-4CE2-882C-0BEDD7DB0DE5}.Release|Any CPU.Build.0 = Release|Any CPU
		{58F80C96-945F-4496-87D6-7B6990126323}.Debug|Any CPU.ActiveCfg = Debug|Any CPU
		{58F80C96-945F-4496-87D6-7B6990126323}.Debug|Any CPU.Build.0 = Debug|Any CPU
		{58F80C96-945F-4496-87D6-7B6990126323}.Release|Any CPU.ActiveCfg = Release|Any CPU
		{58F80C96-945F-4496-87D6-7B6990126323}.Release|Any CPU.Build.0 = Release|Any CPU
		{95862A7E-B795-4DE4-B90C-B368EA48FFC7}.Debug|Any CPU.ActiveCfg = Debug|Any CPU
		{95862A7E-B795-4DE4-B90C-B368EA48FFC7}.Debug|Any CPU.Build.0 = Debug|Any CPU
		{95862A7E-B795-4DE4-B90C-B368EA48FFC7}.Release|Any CPU.ActiveCfg = Release|Any CPU
		{95862A7E-B795-4DE4-B90C-B368EA48FFC7}.Release|Any CPU.Build.0 = Release|Any CPU
		{97FE88E1-3EA4-4159-BD0A-CEB4523F2EAF}.Debug|Any CPU.ActiveCfg = Debug|Any CPU
		{97FE88E1-3EA4-4159-BD0A-CEB4523F2EAF}.Debug|Any CPU.Build.0 = Debug|Any CPU
		{97FE88E1-3EA4-4159-BD0A-CEB4523F2EAF}.Release|Any CPU.ActiveCfg = Release|Any CPU
		{97FE88E1-3EA4-4159-BD0A-CEB4523F2EAF}.Release|Any CPU.Build.0 = Release|Any CPU
		{4BF667E7-F4D4-4779-B398-6559990BBE8B}.Debug|Any CPU.ActiveCfg = Debug|Any CPU
		{4BF667E7-F4D4-4779-B398-6559990BBE8B}.Debug|Any CPU.Build.0 = Debug|Any CPU
		{4BF667E7-F4D4-4779-B398-6559990BBE8B}.Release|Any CPU.ActiveCfg = Release|Any CPU
		{4BF667E7-F4D4-4779-B398-6559990BBE8B}.Release|Any CPU.Build.0 = Release|Any CPU
		{4FEDB2DE-A38A-4260-AC99-A632AFED38E1}.Debug|Any CPU.ActiveCfg = Debug|Any CPU
		{4FEDB2DE-A38A-4260-AC99-A632AFED38E1}.Debug|Any CPU.Build.0 = Debug|Any CPU
		{4FEDB2DE-A38A-4260-AC99-A632AFED38E1}.Release|Any CPU.ActiveCfg = Release|Any CPU
		{4FEDB2DE-A38A-4260-AC99-A632AFED38E1}.Release|Any CPU.Build.0 = Release|Any CPU
		{4DB22F6F-8B45-4D6F-B1F1-C300178D3A5F}.Debug|Any CPU.ActiveCfg = Debug|Any CPU
		{4DB22F6F-8B45-4D6F-B1F1-C300178D3A5F}.Debug|Any CPU.Build.0 = Debug|Any CPU
		{4DB22F6F-8B45-4D6F-B1F1-C300178D3A5F}.Release|Any CPU.ActiveCfg = Release|Any CPU
		{4DB22F6F-8B45-4D6F-B1F1-C300178D3A5F}.Release|Any CPU.Build.0 = Release|Any CPU
		{B1E60C77-944C-48BE-8822-318920B3971E}.Debug|Any CPU.ActiveCfg = Debug|Any CPU
		{B1E60C77-944C-48BE-8822-318920B3971E}.Debug|Any CPU.Build.0 = Debug|Any CPU
		{B1E60C77-944C-48BE-8822-318920B3971E}.Release|Any CPU.ActiveCfg = Release|Any CPU
		{B1E60C77-944C-48BE-8822-318920B3971E}.Release|Any CPU.Build.0 = Release|Any CPU
		{6559C3F9-9F97-45AD-9105-9E7E94C2813B}.Debug|Any CPU.ActiveCfg = Debug|Any CPU
		{6559C3F9-9F97-45AD-9105-9E7E94C2813B}.Debug|Any CPU.Build.0 = Debug|Any CPU
		{6559C3F9-9F97-45AD-9105-9E7E94C2813B}.Release|Any CPU.ActiveCfg = Release|Any CPU
		{6559C3F9-9F97-45AD-9105-9E7E94C2813B}.Release|Any CPU.Build.0 = Release|Any CPU
		{4D61B0C5-B55E-4B0B-9C75-70362EA49B84}.Debug|Any CPU.ActiveCfg = Debug|Any CPU
		{4D61B0C5-B55E-4B0B-9C75-70362EA49B84}.Debug|Any CPU.Build.0 = Debug|Any CPU
		{4D61B0C5-B55E-4B0B-9C75-70362EA49B84}.Release|Any CPU.ActiveCfg = Release|Any CPU
		{4D61B0C5-B55E-4B0B-9C75-70362EA49B84}.Release|Any CPU.Build.0 = Release|Any CPU
		{A50ADA1D-3EBE-488E-ACC3-60F797196357}.Debug|Any CPU.ActiveCfg = Debug|Any CPU
		{A50ADA1D-3EBE-488E-ACC3-60F797196357}.Debug|Any CPU.Build.0 = Debug|Any CPU
		{A50ADA1D-3EBE-488E-ACC3-60F797196357}.Release|Any CPU.ActiveCfg = Release|Any CPU
		{A50ADA1D-3EBE-488E-ACC3-60F797196357}.Release|Any CPU.Build.0 = Release|Any CPU
		{97C7B79E-47D0-4BC9-95D8-D52AFB208415}.Debug|Any CPU.ActiveCfg = Debug|Any CPU
		{97C7B79E-47D0-4BC9-95D8-D52AFB208415}.Debug|Any CPU.Build.0 = Debug|Any CPU
		{97C7B79E-47D0-4BC9-95D8-D52AFB208415}.Release|Any CPU.ActiveCfg = Release|Any CPU
		{97C7B79E-47D0-4BC9-95D8-D52AFB208415}.Release|Any CPU.Build.0 = Release|Any CPU
		{2E125437-5E82-4932-9F1F-40E64D991207}.Debug|Any CPU.ActiveCfg = Debug|Any CPU
		{2E125437-5E82-4932-9F1F-40E64D991207}.Debug|Any CPU.Build.0 = Debug|Any CPU
		{2E125437-5E82-4932-9F1F-40E64D991207}.Release|Any CPU.ActiveCfg = Release|Any CPU
		{2E125437-5E82-4932-9F1F-40E64D991207}.Release|Any CPU.Build.0 = Release|Any CPU
	EndGlobalSection
	GlobalSection(SolutionProperties) = preSolution
		HideSolutionNode = FALSE
	EndGlobalSection
	GlobalSection(NestedProjects) = preSolution
		{9E9DA173-C3F3-43DD-AF5B-95950926D046} = {06E15089-8F2D-4E78-AF29-29334A85AAB4}
		{3E68D635-CFA8-4AE0-9B5B-E0960B7CB04F} = {06E15089-8F2D-4E78-AF29-29334A85AAB4}
		{C34FC0D0-8ACD-42AA-95D9-C29C1DAF5C57} = {06E15089-8F2D-4E78-AF29-29334A85AAB4}
		{B0B9665A-1422-4D90-908E-A109D5B90838} = {FB17F0A1-163D-4661-AE5B-AD67627CBBE2}
		{C637AFF8-0926-4F8C-94F4-8FABB59E65C1} = {B0B9665A-1422-4D90-908E-A109D5B90838}
		{8826D6B8-DA7C-4312-9CD2-C611803C134F} = {06E15089-8F2D-4E78-AF29-29334A85AAB4}
		{4E9AD229-2BB9-486F-8360-BAF8FE0930E9} = {76716B86-AC7A-4422-8A06-F13B41F9EC9B}
		{8D115727-19B3-4996-A9A0-2907A4C1F81A} = {06E15089-8F2D-4E78-AF29-29334A85AAB4}
		{A1852AD7-B505-4CE2-882C-0BEDD7DB0DE5} = {C637AFF8-0926-4F8C-94F4-8FABB59E65C1}
		{58F80C96-945F-4496-87D6-7B6990126323} = {4E9AD229-2BB9-486F-8360-BAF8FE0930E9}
		{5CA17579-1FD5-41FC-8497-8019C88E9EE6} = {06E15089-8F2D-4E78-AF29-29334A85AAB4}
		{95862A7E-B795-4DE4-B90C-B368EA48FFC7} = {5CA17579-1FD5-41FC-8497-8019C88E9EE6}
		{97FE88E1-3EA4-4159-BD0A-CEB4523F2EAF} = {5CA17579-1FD5-41FC-8497-8019C88E9EE6}
		{62201495-71C8-41FD-B522-4E8D37329BE1} = {B0B9665A-1422-4D90-908E-A109D5B90838}
		{4BF667E7-F4D4-4779-B398-6559990BBE8B} = {62201495-71C8-41FD-B522-4E8D37329BE1}
		{4FEDB2DE-A38A-4260-AC99-A632AFED38E1} = {5CA17579-1FD5-41FC-8497-8019C88E9EE6}
		{4DB22F6F-8B45-4D6F-B1F1-C300178D3A5F} = {4E9AD229-2BB9-486F-8360-BAF8FE0930E9}
		{B1E60C77-944C-48BE-8822-318920B3971E} = {4E9AD229-2BB9-486F-8360-BAF8FE0930E9}
		{6559C3F9-9F97-45AD-9105-9E7E94C2813B} = {4E9AD229-2BB9-486F-8360-BAF8FE0930E9}
		{05533FE0-FF6D-4BD7-A44A-1385BFEAD311} = {76716B86-AC7A-4422-8A06-F13B41F9EC9B}
		{4D61B0C5-B55E-4B0B-9C75-70362EA49B84} = {05533FE0-FF6D-4BD7-A44A-1385BFEAD311}
		{9DFA4D3E-FEFC-4708-A31F-657F9C775ED8} = {06E15089-8F2D-4E78-AF29-29334A85AAB4}
		{A50ADA1D-3EBE-488E-ACC3-60F797196357} = {9DFA4D3E-FEFC-4708-A31F-657F9C775ED8}
		{97C7B79E-47D0-4BC9-95D8-D52AFB208415} = {06E15089-8F2D-4E78-AF29-29334A85AAB4}
		{2E125437-5E82-4932-9F1F-40E64D991207} = {06E15089-8F2D-4E78-AF29-29334A85AAB4}
	EndGlobalSection
	GlobalSection(ExtensibilityGlobals) = postSolution
		SolutionGuid = {252658CA-1EEA-4A0D-BFCA-DADA623B82B5}
	EndGlobalSection
EndGlobal
