
Microsoft Visual Studio Solution File, Format Version 12.00
# Visual Studio Version 16
VisualStudioVersion = 16.0.28803.352
MinimumVisualStudioVersion = 10.0.40219.1
Project("{2150E333-8FDC-42A3-9474-1A3956D46DE8}") = "src", "src", "{06E15089-8F2D-4E78-AF29-29334A85AAB4}"
EndProject
Project("{9A19103F-16F7-4668-BE54-9A1E7A4F7556}") = "FLink.Core", "src\FLink.Core\FLink.Core.csproj", "{9E9DA173-C3F3-43DD-AF5B-95950926D046}"
EndProject
Project("{9A19103F-16F7-4668-BE54-9A1E7A4F7556}") = "FLink.Runtime", "src\FLink.Runtime\FLink.Runtime.csproj", "{3E68D635-CFA8-4AE0-9B5B-E0960B7CB04F}"
EndProject
Project("{9A19103F-16F7-4668-BE54-9A1E7A4F7556}") = "FLink.Streaming", "src\FLink.Streaming\FLink.Streaming.csproj", "{C34FC0D0-8ACD-42AA-95D9-C29C1DAF5C57}"
EndProject
Project("{2150E333-8FDC-42A3-9474-1A3956D46DE8}") = "samples", "samples", "{FB17F0A1-163D-4661-AE5B-AD67627CBBE2}"
EndProject
Project("{2150E333-8FDC-42A3-9474-1A3956D46DE8}") = "DataAnalytics", "DataAnalytics", "{B0B9665A-1422-4D90-908E-A109D5B90838}"
EndProject
Project("{2150E333-8FDC-42A3-9474-1A3956D46DE8}") = "StreamingAnalytics", "StreamingAnalytics", "{C637AFF8-0926-4F8C-94F4-8FABB59E65C1}"
EndProject
Project("{9A19103F-16F7-4668-BE54-9A1E7A4F7556}") = "WordCount", "samples\DataAnalytics\StreamingAnalytics\WordCount\WordCount.csproj", "{0AFC0230-A859-4C79-B767-A1F1BF02ED48}"
EndProject
Project("{9A19103F-16F7-4668-BE54-9A1E7A4F7556}") = "FLink.Metrics", "src\FLink.Metrics\FLink.Metrics.csproj", "{8826D6B8-DA7C-4312-9CD2-C611803C134F}"
EndProject
Project("{2150E333-8FDC-42A3-9474-1A3956D46DE8}") = "tests", "tests", "{76716B86-AC7A-4422-8A06-F13B41F9EC9B}"
EndProject
Project("{2150E333-8FDC-42A3-9474-1A3956D46DE8}") = "FunctionalTests", "FunctionalTests", "{4E9AD229-2BB9-486F-8360-BAF8FE0930E9}"
EndProject
Project("{FAE04EC0-301F-11D3-BF4B-00C04F79EFBC}") = "FLink.Streaming.FunctionalTest", "tests\FunctionalTests\FLink.Streaming.FunctionalTest\FLink.Streaming.FunctionalTest.csproj", "{4ACC9B01-596B-4080-80AB-72F6299CE30C}"
EndProject
Project("{FAE04EC0-301F-11D3-BF4B-00C04F79EFBC}") = "FLink.Optimizer", "src\FLink.Optimizer\FLink.Optimizer.csproj", "{8D115727-19B3-4996-A9A0-2907A4C1F81A}"
EndProject
Global
	GlobalSection(SolutionConfigurationPlatforms) = preSolution
		Debug|Any CPU = Debug|Any CPU
		Release|Any CPU = Release|Any CPU
	EndGlobalSection
	GlobalSection(ProjectConfigurationPlatforms) = postSolution
		{9E9DA173-C3F3-43DD-AF5B-95950926D046}.Debug|Any CPU.ActiveCfg = Debug|Any CPU
		{9E9DA173-C3F3-43DD-AF5B-95950926D046}.Debug|Any CPU.Build.0 = Debug|Any CPU
		{9E9DA173-C3F3-43DD-AF5B-95950926D046}.Release|Any CPU.ActiveCfg = Release|Any CPU
		{9E9DA173-C3F3-43DD-AF5B-95950926D046}.Release|Any CPU.Build.0 = Release|Any CPU
		{3E68D635-CFA8-4AE0-9B5B-E0960B7CB04F}.Debug|Any CPU.ActiveCfg = Debug|Any CPU
		{3E68D635-CFA8-4AE0-9B5B-E0960B7CB04F}.Debug|Any CPU.Build.0 = Debug|Any CPU
		{3E68D635-CFA8-4AE0-9B5B-E0960B7CB04F}.Release|Any CPU.ActiveCfg = Release|Any CPU
		{3E68D635-CFA8-4AE0-9B5B-E0960B7CB04F}.Release|Any CPU.Build.0 = Release|Any CPU
		{C34FC0D0-8ACD-42AA-95D9-C29C1DAF5C57}.Debug|Any CPU.ActiveCfg = Debug|Any CPU
		{C34FC0D0-8ACD-42AA-95D9-C29C1DAF5C57}.Debug|Any CPU.Build.0 = Debug|Any CPU
		{C34FC0D0-8ACD-42AA-95D9-C29C1DAF5C57}.Release|Any CPU.ActiveCfg = Release|Any CPU
		{C34FC0D0-8ACD-42AA-95D9-C29C1DAF5C57}.Release|Any CPU.Build.0 = Release|Any CPU
		{0AFC0230-A859-4C79-B767-A1F1BF02ED48}.Debug|Any CPU.ActiveCfg = Debug|Any CPU
		{0AFC0230-A859-4C79-B767-A1F1BF02ED48}.Debug|Any CPU.Build.0 = Debug|Any CPU
		{0AFC0230-A859-4C79-B767-A1F1BF02ED48}.Release|Any CPU.ActiveCfg = Release|Any CPU
		{0AFC0230-A859-4C79-B767-A1F1BF02ED48}.Release|Any CPU.Build.0 = Release|Any CPU
		{8826D6B8-DA7C-4312-9CD2-C611803C134F}.Debug|Any CPU.ActiveCfg = Debug|Any CPU
		{8826D6B8-DA7C-4312-9CD2-C611803C134F}.Debug|Any CPU.Build.0 = Debug|Any CPU
		{8826D6B8-DA7C-4312-9CD2-C611803C134F}.Release|Any CPU.ActiveCfg = Release|Any CPU
		{8826D6B8-DA7C-4312-9CD2-C611803C134F}.Release|Any CPU.Build.0 = Release|Any CPU
		{4ACC9B01-596B-4080-80AB-72F6299CE30C}.Debug|Any CPU.ActiveCfg = Debug|Any CPU
		{4ACC9B01-596B-4080-80AB-72F6299CE30C}.Debug|Any CPU.Build.0 = Debug|Any CPU
		{4ACC9B01-596B-4080-80AB-72F6299CE30C}.Release|Any CPU.ActiveCfg = Release|Any CPU
		{4ACC9B01-596B-4080-80AB-72F6299CE30C}.Release|Any CPU.Build.0 = Release|Any CPU
		{8D115727-19B3-4996-A9A0-2907A4C1F81A}.Debug|Any CPU.ActiveCfg = Debug|Any CPU
		{8D115727-19B3-4996-A9A0-2907A4C1F81A}.Debug|Any CPU.Build.0 = Debug|Any CPU
		{8D115727-19B3-4996-A9A0-2907A4C1F81A}.Release|Any CPU.ActiveCfg = Release|Any CPU
		{8D115727-19B3-4996-A9A0-2907A4C1F81A}.Release|Any CPU.Build.0 = Release|Any CPU
	EndGlobalSection
	GlobalSection(SolutionProperties) = preSolution
		HideSolutionNode = FALSE
	EndGlobalSection
	GlobalSection(NestedProjects) = preSolution
		{9E9DA173-C3F3-43DD-AF5B-95950926D046} = {06E15089-8F2D-4E78-AF29-29334A85AAB4}
		{3E68D635-CFA8-4AE0-9B5B-E0960B7CB04F} = {06E15089-8F2D-4E78-AF29-29334A85AAB4}
		{C34FC0D0-8ACD-42AA-95D9-C29C1DAF5C57} = {06E15089-8F2D-4E78-AF29-29334A85AAB4}
		{B0B9665A-1422-4D90-908E-A109D5B90838} = {FB17F0A1-163D-4661-AE5B-AD67627CBBE2}
		{C637AFF8-0926-4F8C-94F4-8FABB59E65C1} = {B0B9665A-1422-4D90-908E-A109D5B90838}
		{0AFC0230-A859-4C79-B767-A1F1BF02ED48} = {C637AFF8-0926-4F8C-94F4-8FABB59E65C1}
		{8826D6B8-DA7C-4312-9CD2-C611803C134F} = {06E15089-8F2D-4E78-AF29-29334A85AAB4}
		{4E9AD229-2BB9-486F-8360-BAF8FE0930E9} = {76716B86-AC7A-4422-8A06-F13B41F9EC9B}
		{4ACC9B01-596B-4080-80AB-72F6299CE30C} = {4E9AD229-2BB9-486F-8360-BAF8FE0930E9}
		{8D115727-19B3-4996-A9A0-2907A4C1F81A} = {06E15089-8F2D-4E78-AF29-29334A85AAB4}
	EndGlobalSection
	GlobalSection(ExtensibilityGlobals) = postSolution
		SolutionGuid = {252658CA-1EEA-4A0D-BFCA-DADA623B82B5}
	EndGlobalSection
EndGlobal
